
Microsoft Visual Studio Solution File, Format Version 12.00
# Visual Studio Version 16
VisualStudioVersion = 16.0.30611.23
MinimumVisualStudioVersion = 10.0.40219.1
Project("{2150E333-8FDC-42A3-9474-1A3956D46DE8}") = "CreditScore", "CreditScore", "{1DA125B2-0DE5-474C-84C3-DC46321277DC}"
EndProject
Project("{9A19103F-16F7-4668-BE54-9A1E7A4F7556}") = "CreditScore.Domain", "CreditScore\CreditScore.Domain\CreditScore.Domain.csproj", "{A8C971E9-25E1-4A24-AE28-F21CE81B81F2}"
EndProject
Project("{9A19103F-16F7-4668-BE54-9A1E7A4F7556}") = "CreditScore.Application", "CreditScore\CreditScore.Application\CreditScore.Application.csproj", "{2C3D22FA-29E6-4BAA-B1A7-114095E326D4}"
EndProject
Project("{9A19103F-16F7-4668-BE54-9A1E7A4F7556}") = "CreditScore.Api", "CreditScore\CreditScore.Api\CreditScore.Api.csproj", "{EC1D81B7-3478-4403-AEFC-4802690C3F67}"
EndProject
Project("{2150E333-8FDC-42A3-9474-1A3956D46DE8}") = "Credit", "Credit", "{DD001291-739E-406D-901D-4E12A7C0580F}"
EndProject
Project("{9A19103F-16F7-4668-BE54-9A1E7A4F7556}") = "Credit.Domain", "Credit\Credit.Domain\Credit.Domain.csproj", "{8A3B7CD0-35B0-472D-A3C7-D89AAE5EAD20}"
EndProject
Project("{9A19103F-16F7-4668-BE54-9A1E7A4F7556}") = "Credit.Application", "Credit\Credit.Application\Credit.Application.csproj", "{BB01127B-D11D-4BFF-B667-676B813D4C4D}"
EndProject
Project("{9A19103F-16F7-4668-BE54-9A1E7A4F7556}") = "Credit.Api", "Credit\Credit.Api\Credit.Api.csproj", "{5A22A1B3-FB06-4EB5-B482-8FF5C8491F1C}"
EndProject
Project("{2150E333-8FDC-42A3-9474-1A3956D46DE8}") = "Sms", "Sms", "{F0CC48CC-59BD-4A2E-99DE-0F287FE62FF1}"
EndProject
Project("{9A19103F-16F7-4668-BE54-9A1E7A4F7556}") = "Sms.Api", "Sms\Sms.Api\Sms.Api.csproj", "{8E1D857B-6FA3-4D23-86B8-2F2057806456}"
EndProject
Project("{2150E333-8FDC-42A3-9474-1A3956D46DE8}") = "CreditSolutionFramework", "CreditSolutionFramework", "{0BD5EF35-19ED-46D6-B825-032E9C0CF025}"
EndProject
Project("{9A19103F-16F7-4668-BE54-9A1E7A4F7556}") = "Framework", "CreditSolutionFramework\Framework\Framework.csproj", "{64EF2CAF-07C1-44C3-840D-59D71A1EC7C5}"
EndProject
Project("{E53339B2-1760-4266-BCC7-CA923CBCF16C}") = "docker-compose", "docker-compose.dcproj", "{5065749A-C470-4016-A205-38EB4C36D3A6}"
EndProject
Project("{FAE04EC0-301F-11D3-BF4B-00C04F79EFBC}") = "CreditScore.Persistence", "CreditScore\CreditScore.Persistence\CreditScore.Persistence.csproj", "{30318A1A-1F20-4A46-9BF2-EFF4C65922FA}"
EndProject
Project("{FAE04EC0-301F-11D3-BF4B-00C04F79EFBC}") = "CreditScore.Contract", "CreditScore\CreditScore.Contract\CreditScore.Contract.csproj", "{6780B26C-F960-4F73-8784-F84269D118CC}"
EndProject
Project("{FAE04EC0-301F-11D3-BF4B-00C04F79EFBC}") = "Credit.Persistence", "Credit\Credit.Persistence\Credit.Persistence.csproj", "{66F0FE23-C3F7-4757-8A7E-45C7EF1D539A}"
EndProject
Project("{FAE04EC0-301F-11D3-BF4B-00C04F79EFBC}") = "Credit.Contract", "Credit\Credit.Contract\Credit.Contract.csproj", "{75B808C2-ED1F-4D0F-A6F2-B9C8735E54A3}"
EndProject
Project("{FAE04EC0-301F-11D3-BF4B-00C04F79EFBC}") = "Credit.UnitTest", "Credit\Credit.UnitTest\Credit.UnitTest.csproj", "{D9978597-1AAE-4812-B999-C6014DF5ECEA}"
EndProject
Project("{2150E333-8FDC-42A3-9474-1A3956D46DE8}") = "CreditGateway", "CreditGateway", "{35684852-5D2A-45D5-BFA9-791F2B311F16}"
EndProject
Project("{FAE04EC0-301F-11D3-BF4B-00C04F79EFBC}") = "CreditGateway.Api", "CreditGateway\CreditGateway.Api\CreditGateway.Api.csproj", "{2A4C176C-523C-4770-BB1E-2FA3BFB15B1F}"
EndProject
Global
	GlobalSection(SolutionConfigurationPlatforms) = preSolution
		Debug|Any CPU = Debug|Any CPU
		Release|Any CPU = Release|Any CPU
	EndGlobalSection
	GlobalSection(ProjectConfigurationPlatforms) = postSolution
		{A8C971E9-25E1-4A24-AE28-F21CE81B81F2}.Debug|Any CPU.ActiveCfg = Debug|Any CPU
		{A8C971E9-25E1-4A24-AE28-F21CE81B81F2}.Debug|Any CPU.Build.0 = Debug|Any CPU
		{A8C971E9-25E1-4A24-AE28-F21CE81B81F2}.Release|Any CPU.ActiveCfg = Release|Any CPU
		{A8C971E9-25E1-4A24-AE28-F21CE81B81F2}.Release|Any CPU.Build.0 = Release|Any CPU
		{2C3D22FA-29E6-4BAA-B1A7-114095E326D4}.Debug|Any CPU.ActiveCfg = Debug|Any CPU
		{2C3D22FA-29E6-4BAA-B1A7-114095E326D4}.Debug|Any CPU.Build.0 = Debug|Any CPU
		{2C3D22FA-29E6-4BAA-B1A7-114095E326D4}.Release|Any CPU.ActiveCfg = Release|Any CPU
		{2C3D22FA-29E6-4BAA-B1A7-114095E326D4}.Release|Any CPU.Build.0 = Release|Any CPU
		{EC1D81B7-3478-4403-AEFC-4802690C3F67}.Debug|Any CPU.ActiveCfg = Debug|Any CPU
		{EC1D81B7-3478-4403-AEFC-4802690C3F67}.Debug|Any CPU.Build.0 = Debug|Any CPU
		{EC1D81B7-3478-4403-AEFC-4802690C3F67}.Release|Any CPU.ActiveCfg = Release|Any CPU
		{EC1D81B7-3478-4403-AEFC-4802690C3F67}.Release|Any CPU.Build.0 = Release|Any CPU
		{8A3B7CD0-35B0-472D-A3C7-D89AAE5EAD20}.Debug|Any CPU.ActiveCfg = Debug|Any CPU
		{8A3B7CD0-35B0-472D-A3C7-D89AAE5EAD20}.Debug|Any CPU.Build.0 = Debug|Any CPU
		{8A3B7CD0-35B0-472D-A3C7-D89AAE5EAD20}.Release|Any CPU.ActiveCfg = Release|Any CPU
		{8A3B7CD0-35B0-472D-A3C7-D89AAE5EAD20}.Release|Any CPU.Build.0 = Release|Any CPU
		{BB01127B-D11D-4BFF-B667-676B813D4C4D}.Debug|Any CPU.ActiveCfg = Debug|Any CPU
		{BB01127B-D11D-4BFF-B667-676B813D4C4D}.Debug|Any CPU.Build.0 = Debug|Any CPU
		{BB01127B-D11D-4BFF-B667-676B813D4C4D}.Release|Any CPU.ActiveCfg = Release|Any CPU
		{BB01127B-D11D-4BFF-B667-676B813D4C4D}.Release|Any CPU.Build.0 = Release|Any CPU
		{5A22A1B3-FB06-4EB5-B482-8FF5C8491F1C}.Debug|Any CPU.ActiveCfg = Debug|Any CPU
		{5A22A1B3-FB06-4EB5-B482-8FF5C8491F1C}.Debug|Any CPU.Build.0 = Debug|Any CPU
		{5A22A1B3-FB06-4EB5-B482-8FF5C8491F1C}.Release|Any CPU.ActiveCfg = Release|Any CPU
		{5A22A1B3-FB06-4EB5-B482-8FF5C8491F1C}.Release|Any CPU.Build.0 = Release|Any CPU
		{8E1D857B-6FA3-4D23-86B8-2F2057806456}.Debug|Any CPU.ActiveCfg = Debug|Any CPU
		{8E1D857B-6FA3-4D23-86B8-2F2057806456}.Debug|Any CPU.Build.0 = Debug|Any CPU
		{8E1D857B-6FA3-4D23-86B8-2F2057806456}.Release|Any CPU.ActiveCfg = Release|Any CPU
		{8E1D857B-6FA3-4D23-86B8-2F2057806456}.Release|Any CPU.Build.0 = Release|Any CPU
		{64EF2CAF-07C1-44C3-840D-59D71A1EC7C5}.Debug|Any CPU.ActiveCfg = Debug|Any CPU
		{64EF2CAF-07C1-44C3-840D-59D71A1EC7C5}.Debug|Any CPU.Build.0 = Debug|Any CPU
		{64EF2CAF-07C1-44C3-840D-59D71A1EC7C5}.Release|Any CPU.ActiveCfg = Release|Any CPU
		{64EF2CAF-07C1-44C3-840D-59D71A1EC7C5}.Release|Any CPU.Build.0 = Release|Any CPU
		{5065749A-C470-4016-A205-38EB4C36D3A6}.Debug|Any CPU.ActiveCfg = Debug|Any CPU
		{5065749A-C470-4016-A205-38EB4C36D3A6}.Debug|Any CPU.Build.0 = Debug|Any CPU
		{5065749A-C470-4016-A205-38EB4C36D3A6}.Release|Any CPU.ActiveCfg = Release|Any CPU
		{5065749A-C470-4016-A205-38EB4C36D3A6}.Release|Any CPU.Build.0 = Release|Any CPU
		{30318A1A-1F20-4A46-9BF2-EFF4C65922FA}.Debug|Any CPU.ActiveCfg = Debug|Any CPU
		{30318A1A-1F20-4A46-9BF2-EFF4C65922FA}.Debug|Any CPU.Build.0 = Debug|Any CPU
		{30318A1A-1F20-4A46-9BF2-EFF4C65922FA}.Release|Any CPU.ActiveCfg = Release|Any CPU
		{30318A1A-1F20-4A46-9BF2-EFF4C65922FA}.Release|Any CPU.Build.0 = Release|Any CPU
		{6780B26C-F960-4F73-8784-F84269D118CC}.Debug|Any CPU.ActiveCfg = Debug|Any CPU
		{6780B26C-F960-4F73-8784-F84269D118CC}.Debug|Any CPU.Build.0 = Debug|Any CPU
		{6780B26C-F960-4F73-8784-F84269D118CC}.Release|Any CPU.ActiveCfg = Release|Any CPU
		{6780B26C-F960-4F73-8784-F84269D118CC}.Release|Any CPU.Build.0 = Release|Any CPU
		{66F0FE23-C3F7-4757-8A7E-45C7EF1D539A}.Debug|Any CPU.ActiveCfg = Debug|Any CPU
		{66F0FE23-C3F7-4757-8A7E-45C7EF1D539A}.Debug|Any CPU.Build.0 = Debug|Any CPU
		{66F0FE23-C3F7-4757-8A7E-45C7EF1D539A}.Release|Any CPU.ActiveCfg = Release|Any CPU
		{66F0FE23-C3F7-4757-8A7E-45C7EF1D539A}.Release|Any CPU.Build.0 = Release|Any CPU
		{75B808C2-ED1F-4D0F-A6F2-B9C8735E54A3}.Debug|Any CPU.ActiveCfg = Debug|Any CPU
		{75B808C2-ED1F-4D0F-A6F2-B9C8735E54A3}.Debug|Any CPU.Build.0 = Debug|Any CPU
		{75B808C2-ED1F-4D0F-A6F2-B9C8735E54A3}.Release|Any CPU.ActiveCfg = Release|Any CPU
		{75B808C2-ED1F-4D0F-A6F2-B9C8735E54A3}.Release|Any CPU.Build.0 = Release|Any CPU
		{D9978597-1AAE-4812-B999-C6014DF5ECEA}.Debug|Any CPU.ActiveCfg = Debug|Any CPU
		{D9978597-1AAE-4812-B999-C6014DF5ECEA}.Debug|Any CPU.Build.0 = Debug|Any CPU
		{D9978597-1AAE-4812-B999-C6014DF5ECEA}.Release|Any CPU.ActiveCfg = Release|Any CPU
		{D9978597-1AAE-4812-B999-C6014DF5ECEA}.Release|Any CPU.Build.0 = Release|Any CPU
		{2A4C176C-523C-4770-BB1E-2FA3BFB15B1F}.Debug|Any CPU.ActiveCfg = Debug|Any CPU
		{2A4C176C-523C-4770-BB1E-2FA3BFB15B1F}.Debug|Any CPU.Build.0 = Debug|Any CPU
		{2A4C176C-523C-4770-BB1E-2FA3BFB15B1F}.Release|Any CPU.ActiveCfg = Release|Any CPU
		{2A4C176C-523C-4770-BB1E-2FA3BFB15B1F}.Release|Any CPU.Build.0 = Release|Any CPU
	EndGlobalSection
	GlobalSection(SolutionProperties) = preSolution
		HideSolutionNode = FALSE
	EndGlobalSection
	GlobalSection(NestedProjects) = preSolution
		{A8C971E9-25E1-4A24-AE28-F21CE81B81F2} = {1DA125B2-0DE5-474C-84C3-DC46321277DC}
		{2C3D22FA-29E6-4BAA-B1A7-114095E326D4} = {1DA125B2-0DE5-474C-84C3-DC46321277DC}
		{EC1D81B7-3478-4403-AEFC-4802690C3F67} = {1DA125B2-0DE5-474C-84C3-DC46321277DC}
		{8A3B7CD0-35B0-472D-A3C7-D89AAE5EAD20} = {DD001291-739E-406D-901D-4E12A7C0580F}
		{BB01127B-D11D-4BFF-B667-676B813D4C4D} = {DD001291-739E-406D-901D-4E12A7C0580F}
		{5A22A1B3-FB06-4EB5-B482-8FF5C8491F1C} = {DD001291-739E-406D-901D-4E12A7C0580F}
		{8E1D857B-6FA3-4D23-86B8-2F2057806456} = {F0CC48CC-59BD-4A2E-99DE-0F287FE62FF1}
		{64EF2CAF-07C1-44C3-840D-59D71A1EC7C5} = {0BD5EF35-19ED-46D6-B825-032E9C0CF025}
		{30318A1A-1F20-4A46-9BF2-EFF4C65922FA} = {1DA125B2-0DE5-474C-84C3-DC46321277DC}
		{6780B26C-F960-4F73-8784-F84269D118CC} = {1DA125B2-0DE5-474C-84C3-DC46321277DC}
		{66F0FE23-C3F7-4757-8A7E-45C7EF1D539A} = {DD001291-739E-406D-901D-4E12A7C0580F}
		{75B808C2-ED1F-4D0F-A6F2-B9C8735E54A3} = {DD001291-739E-406D-901D-4E12A7C0580F}
		{D9978597-1AAE-4812-B999-C6014DF5ECEA} = {DD001291-739E-406D-901D-4E12A7C0580F}
		{2A4C176C-523C-4770-BB1E-2FA3BFB15B1F} = {35684852-5D2A-45D5-BFA9-791F2B311F16}
	EndGlobalSection
	GlobalSection(ExtensibilityGlobals) = postSolution
		SolutionGuid = {FA9870E9-44AF-4B5B-8B8E-083313AA4D92}
	EndGlobalSection
EndGlobal
